<?xml version="1.0" encoding="utf-8"?>
<Project ToolsVersion="4.0" xmlns="http://schemas.microsoft.com/developer/msbuild/2003">
  <ItemGroup>
    <Filter Include="CPU-H">
      <UniqueIdentifier>{aa2fd87b-ac29-410a-80df-9f6f5ec38c5c}</UniqueIdentifier>
    </Filter>
    <Filter Include="CPU-CPP">
      <UniqueIdentifier>{6a34873b-4069-4f10-84b9-bded09db8d99}</UniqueIdentifier>
    </Filter>
  </ItemGroup>
  <ItemGroup>
    <ClInclude Include="SVD.h">
      <Filter>CPU-H</Filter>
    </ClInclude>
    <ClInclude Include="mesh.h">
      <Filter>CPU-H</Filter>
    </ClInclude>
    <ClInclude Include="fem_timer.h">
      <Filter>CPU-H</Filter>
    </ClInclude>
    <ClInclude Include="fem_math.h">
      <Filter>CPU-H</Filter>
    </ClInclude>
    <ClInclude Include="fem_parameters.h">
      <Filter>CPU-H</Filter>
    </ClInclude>
    <ClInclude Include="Simulator.h">
      <Filter>CPU-H</Filter>
    </ClInclude>
    <ClInclude Include="setting.h">
      <Filter>CPU-H</Filter>
    </ClInclude>
    <ClInclude Include="fem3D.h">
      <Filter>CPU-H</Filter>
    </ClInclude>
    <ClInclude Include="Eigen_Data.h">
      <Filter>CPU-H</Filter>
    </ClInclude>
    <ClInclude Include="collisionUtil.h">
      <Filter>CPU-H</Filter>
    </ClInclude>
    <ClInclude Include="mIPC.h">
      <Filter>CPU-H</Filter>
    </ClInclude>
    <ClInclude Include="IPCdistanceFuncs.h">
      <Filter>CPU-H</Filter>
    </ClInclude>
    <ClInclude Include="IPC_FUNC.h">
      <Filter>CPU-H</Filter>
    </ClInclude>
    <ClInclude Include="IPCtimeStepFuns.h">
      <Filter>CPU-H</Filter>
    </ClInclude>
    <ClInclude Include="Solver.h">
      <Filter>CPU-H</Filter>
    </ClInclude>
    <ClInclude Include="ACCD.h" />
  </ItemGroup>
  <ItemGroup>
    <ClCompile Include="SVD.cpp">
      <Filter>CPU-CPP</Filter>
    </ClCompile>
    <ClCompile Include="mesh.cpp">
      <Filter>CPU-CPP</Filter>
    </ClCompile>
    <ClCompile Include="gl_main.cpp">
      <Filter>CPU-CPP</Filter>
    </ClCompile>
    <ClCompile Include="fem3D.cpp">
      <Filter>CPU-CPP</Filter>
    </ClCompile>
    <ClCompile Include="fem_math.cpp">
      <Filter>CPU-CPP</Filter>
    </ClCompile>
    <ClCompile Include="Simulator.cpp">
      <Filter>CPU-CPP</Filter>
    </ClCompile>
    <ClCompile Include="FEMTimeIntegrator.cpp">
      <Filter>CPU-CPP</Filter>
    </ClCompile>
    <ClCompile Include="collisionUtil.cpp">
      <Filter>CPU-CPP</Filter>
    </ClCompile>
    <ClCompile Include="mIPC.cpp">
      <Filter>CPU-CPP</Filter>
    </ClCompile>
    <ClCompile Include="IPCdistanceFuncs.cpp">
      <Filter>CPU-CPP</Filter>
    </ClCompile>
    <ClCompile Include="IPC_FUNC.cpp">
      <Filter>CPU-CPP</Filter>
    </ClCompile>
    <ClCompile Include="IPCtimeStepFuncs.cpp">
      <Filter>CPU-CPP</Filter>
    </ClCompile>
    <ClCompile Include="Solver.cpp">
      <Filter>CPU-CPP</Filter>
    </ClCompile>
    <ClCompile Include="ACCD.cpp" />
  </ItemGroup>
</Project>